
Microsoft Visual Studio Solution File, Format Version 12.00
# Visual Studio 15
VisualStudioVersion = 15.0.28307.1145
MinimumVisualStudioVersion = 10.0.40219.1
Project("{FAE04EC0-301F-11D3-BF4B-00C04F79EFBC}") = "Harvest", "Harvest\Harvest.csproj", "{5AEB76C9-47CF-492E-B1C0-A9CE889A898D}"
EndProject
Global
	GlobalSection(SolutionConfigurationPlatforms) = preSolution
		Debug|Any CPU = Debug|Any CPU
		Release|Any CPU = Release|Any CPU
	EndGlobalSection
	GlobalSection(ProjectConfigurationPlatforms) = postSolution
		{5AEB76C9-47CF-492E-B1C0-A9CE889A898D}.Debug|Any CPU.ActiveCfg = Debug|Any CPU
		{5AEB76C9-47CF-492E-B1C0-A9CE889A898D}.Debug|Any CPU.Build.0 = Debug|Any CPU
		{5AEB76C9-47CF-492E-B1C0-A9CE889A898D}.Release|Any CPU.ActiveCfg = Release|Any CPU
		{5AEB76C9-47CF-492E-B1C0-A9CE889A898D}.Release|Any CPU.Build.0 = Release|Any CPU
	EndGlobalSection
	GlobalSection(SolutionProperties) = preSolution
		HideSolutionNode = FALSE
	EndGlobalSection
	GlobalSection(ExtensibilityGlobals) = postSolution
		SolutionGuid = {492080D3-ADE6-4ED6-89BF-0F6ADD52C714}
	EndGlobalSection
EndGlobal
